
Microsoft Visual Studio Solution File, Format Version 12.00
# Visual Studio Version 17
VisualStudioVersion = 17.3.32929.385
MinimumVisualStudioVersion = 10.0.40219.1
Project("{FAE04EC0-301F-11D3-BF4B-00C04F79EFBC}") = "SkuManager", "SkuManager\SkuManager.csproj", "{E74F76D1-8051-44BD-B63C-9519A057A22D}"
EndProject
Global
	GlobalSection(SolutionConfigurationPlatforms) = preSolution
		Debug|Any CPU = Debug|Any CPU
		Release|Any CPU = Release|Any CPU
	EndGlobalSection
	GlobalSection(ProjectConfigurationPlatforms) = postSolution
		{E74F76D1-8051-44BD-B63C-9519A057A22D}.Debug|Any CPU.ActiveCfg = Debug|Any CPU
		{E74F76D1-8051-44BD-B63C-9519A057A22D}.Debug|Any CPU.Build.0 = Debug|Any CPU
		{E74F76D1-8051-44BD-B63C-9519A057A22D}.Release|Any CPU.ActiveCfg = Release|Any CPU
		{E74F76D1-8051-44BD-B63C-9519A057A22D}.Release|Any CPU.Build.0 = Release|Any CPU
	EndGlobalSection
	GlobalSection(SolutionProperties) = preSolution
		HideSolutionNode = FALSE
	EndGlobalSection
	GlobalSection(ExtensibilityGlobals) = postSolution
		SolutionGuid = {D7C071B1-24C6-466E-9D7C-310FFB2FB608}
	EndGlobalSection
EndGlobal
